
Microsoft Visual Studio Solution File, Format Version 12.00
# Visual Studio Version 17
VisualStudioVersion = 17.9.34723.18
MinimumVisualStudioVersion = 10.0.40219.1
Project("{8BC9CEB8-8B4A-11D0-8D11-00A0C91BC942}") = "A3OGL", "A3OGL\A3OGL.vcxproj", "{97A7AA26-8F92-4069-8127-3108E6F36ED7}"
EndProject
Project("{8BC9CEB8-8B4A-11D0-8D11-00A0C91BC942}") = "A4OGL", "A4OGL\A4OGL.vcxproj", "{014F310F-997F-4725-B93B-BF8907097E9A}"
EndProject
Project("{8BC9CEB8-8B4A-11D0-8D11-00A0C91BC942}") = "A5OGL", "A5OGL\A5OGL.vcxproj", "{F0DC19D5-79FC-418D-AA7B-31892ED8A6FA}"
EndProject
Project("{8BC9CEB8-8B4A-11D0-8D11-00A0C91BC942}") = "A5OGLPersona", "A5OGLPersona\A5OGLPersona.vcxproj", "{12201E0E-C05C-4890-8E8D-21D710F4EA5C}"
EndProject
Project("{8BC9CEB8-8B4A-11D0-8D11-00A0C91BC942}") = "A6OGL", "A6OGL\A6OGL.vcxproj", "{F501FF04-B157-4186-9D14-E37EB1D4B695}"
EndProject
Project("{8BC9CEB8-8B4A-11D0-8D11-00A0C91BC942}") = "vector", "vector\vector.vcxproj", "{69C05A6C-BEF5-486F-9354-2E070D04EC25}"
EndProject
Project("{8BC9CEB8-8B4A-11D0-8D11-00A0C91BC942}") = "A8OGL", "A8OGL\A8OGL.vcxproj", "{4B4AB6C7-BD7C-460A-94BA-D20A5D836615}"
EndProject
Project("{8BC9CEB8-8B4A-11D0-8D11-00A0C91BC942}") = "A9OGL", "A9OGL\A9OGL.vcxproj", "{1DB9104B-71C5-4E0F-ADC6-6F038460E367}"
EndProject
Global
	GlobalSection(SolutionConfigurationPlatforms) = preSolution
		Debug|x64 = Debug|x64
		Debug|x86 = Debug|x86
		Release|x64 = Release|x64
		Release|x86 = Release|x86
	EndGlobalSection
	GlobalSection(ProjectConfigurationPlatforms) = postSolution
		{97A7AA26-8F92-4069-8127-3108E6F36ED7}.Debug|x64.ActiveCfg = Debug|x64
		{97A7AA26-8F92-4069-8127-3108E6F36ED7}.Debug|x64.Build.0 = Debug|x64
		{97A7AA26-8F92-4069-8127-3108E6F36ED7}.Debug|x86.ActiveCfg = Debug|Win32
		{97A7AA26-8F92-4069-8127-3108E6F36ED7}.Debug|x86.Build.0 = Debug|Win32
		{97A7AA26-8F92-4069-8127-3108E6F36ED7}.Release|x64.ActiveCfg = Release|x64
		{97A7AA26-8F92-4069-8127-3108E6F36ED7}.Release|x64.Build.0 = Release|x64
		{97A7AA26-8F92-4069-8127-3108E6F36ED7}.Release|x86.ActiveCfg = Release|Win32
		{97A7AA26-8F92-4069-8127-3108E6F36ED7}.Release|x86.Build.0 = Release|Win32
		{014F310F-997F-4725-B93B-BF8907097E9A}.Debug|x64.ActiveCfg = Debug|x64
		{014F310F-997F-4725-B93B-BF8907097E9A}.Debug|x64.Build.0 = Debug|x64
		{014F310F-997F-4725-B93B-BF8907097E9A}.Debug|x86.ActiveCfg = Debug|Win32
		{014F310F-997F-4725-B93B-BF8907097E9A}.Debug|x86.Build.0 = Debug|Win32
		{014F310F-997F-4725-B93B-BF8907097E9A}.Release|x64.ActiveCfg = Release|x64
		{014F310F-997F-4725-B93B-BF8907097E9A}.Release|x64.Build.0 = Release|x64
		{014F310F-997F-4725-B93B-BF8907097E9A}.Release|x86.ActiveCfg = Release|Win32
		{014F310F-997F-4725-B93B-BF8907097E9A}.Release|x86.Build.0 = Release|Win32
		{F0DC19D5-79FC-418D-AA7B-31892ED8A6FA}.Debug|x64.ActiveCfg = Debug|x64
		{F0DC19D5-79FC-418D-AA7B-31892ED8A6FA}.Debug|x64.Build.0 = Debug|x64
		{F0DC19D5-79FC-418D-AA7B-31892ED8A6FA}.Debug|x86.ActiveCfg = Debug|Win32
		{F0DC19D5-79FC-418D-AA7B-31892ED8A6FA}.Debug|x86.Build.0 = Debug|Win32
		{F0DC19D5-79FC-418D-AA7B-31892ED8A6FA}.Release|x64.ActiveCfg = Release|x64
		{F0DC19D5-79FC-418D-AA7B-31892ED8A6FA}.Release|x64.Build.0 = Release|x64
		{F0DC19D5-79FC-418D-AA7B-31892ED8A6FA}.Release|x86.ActiveCfg = Release|Win32
		{F0DC19D5-79FC-418D-AA7B-31892ED8A6FA}.Release|x86.Build.0 = Release|Win32
		{12201E0E-C05C-4890-8E8D-21D710F4EA5C}.Debug|x64.ActiveCfg = Debug|x64
		{12201E0E-C05C-4890-8E8D-21D710F4EA5C}.Debug|x64.Build.0 = Debug|x64
		{12201E0E-C05C-4890-8E8D-21D710F4EA5C}.Debug|x86.ActiveCfg = Debug|Win32
		{12201E0E-C05C-4890-8E8D-21D710F4EA5C}.Debug|x86.Build.0 = Debug|Win32
		{12201E0E-C05C-4890-8E8D-21D710F4EA5C}.Release|x64.ActiveCfg = Release|x64
		{12201E0E-C05C-4890-8E8D-21D710F4EA5C}.Release|x64.Build.0 = Release|x64
		{12201E0E-C05C-4890-8E8D-21D710F4EA5C}.Release|x86.ActiveCfg = Release|Win32
		{12201E0E-C05C-4890-8E8D-21D710F4EA5C}.Release|x86.Build.0 = Release|Win32
		{F501FF04-B157-4186-9D14-E37EB1D4B695}.Debug|x64.ActiveCfg = Debug|x64
		{F501FF04-B157-4186-9D14-E37EB1D4B695}.Debug|x64.Build.0 = Debug|x64
		{F501FF04-B157-4186-9D14-E37EB1D4B695}.Debug|x86.ActiveCfg = Debug|Win32
		{F501FF04-B157-4186-9D14-E37EB1D4B695}.Debug|x86.Build.0 = Debug|Win32
		{F501FF04-B157-4186-9D14-E37EB1D4B695}.Release|x64.ActiveCfg = Release|x64
		{F501FF04-B157-4186-9D14-E37EB1D4B695}.Release|x64.Build.0 = Release|x64
		{F501FF04-B157-4186-9D14-E37EB1D4B695}.Release|x86.ActiveCfg = Release|Win32
		{F501FF04-B157-4186-9D14-E37EB1D4B695}.Release|x86.Build.0 = Release|Win32
		{69C05A6C-BEF5-486F-9354-2E070D04EC25}.Debug|x64.ActiveCfg = Debug|x64
		{69C05A6C-BEF5-486F-9354-2E070D04EC25}.Debug|x64.Build.0 = Debug|x64
		{69C05A6C-BEF5-486F-9354-2E070D04EC25}.Debug|x86.ActiveCfg = Debug|Win32
		{69C05A6C-BEF5-486F-9354-2E070D04EC25}.Debug|x86.Build.0 = Debug|Win32
		{69C05A6C-BEF5-486F-9354-2E070D04EC25}.Release|x64.ActiveCfg = Release|x64
		{69C05A6C-BEF5-486F-9354-2E070D04EC25}.Release|x64.Build.0 = Release|x64
		{69C05A6C-BEF5-486F-9354-2E070D04EC25}.Release|x86.ActiveCfg = Release|Win32
		{69C05A6C-BEF5-486F-9354-2E070D04EC25}.Release|x86.Build.0 = Release|Win32
		{4B4AB6C7-BD7C-460A-94BA-D20A5D836615}.Debug|x64.ActiveCfg = Debug|x64
		{4B4AB6C7-BD7C-460A-94BA-D20A5D836615}.Debug|x64.Build.0 = Debug|x64
		{4B4AB6C7-BD7C-460A-94BA-D20A5D836615}.Debug|x86.ActiveCfg = Debug|Win32
		{4B4AB6C7-BD7C-460A-94BA-D20A5D836615}.Debug|x86.Build.0 = Debug|Win32
		{4B4AB6C7-BD7C-460A-94BA-D20A5D836615}.Release|x64.ActiveCfg = Release|x64
		{4B4AB6C7-BD7C-460A-94BA-D20A5D836615}.Release|x64.Build.0 = Release|x64
		{4B4AB6C7-BD7C-460A-94BA-D20A5D836615}.Release|x86.ActiveCfg = Release|Win32
		{4B4AB6C7-BD7C-460A-94BA-D20A5D836615}.Release|x86.Build.0 = Release|Win32
		{1DB9104B-71C5-4E0F-ADC6-6F038460E367}.Debug|x64.ActiveCfg = Debug|x64
		{1DB9104B-71C5-4E0F-ADC6-6F038460E367}.Debug|x64.Build.0 = Debug|x64
		{1DB9104B-71C5-4E0F-ADC6-6F038460E367}.Debug|x86.ActiveCfg = Debug|Win32
		{1DB9104B-71C5-4E0F-ADC6-6F038460E367}.Debug|x86.Build.0 = Debug|Win32
		{1DB9104B-71C5-4E0F-ADC6-6F038460E367}.Release|x64.ActiveCfg = Release|x64
		{1DB9104B-71C5-4E0F-ADC6-6F038460E367}.Release|x64.Build.0 = Release|x64
		{1DB9104B-71C5-4E0F-ADC6-6F038460E367}.Release|x86.ActiveCfg = Release|Win32
		{1DB9104B-71C5-4E0F-ADC6-6F038460E367}.Release|x86.Build.0 = Release|Win32
	EndGlobalSection
	GlobalSection(SolutionProperties) = preSolution
		HideSolutionNode = FALSE
	EndGlobalSection
	GlobalSection(ExtensibilityGlobals) = postSolution
		SolutionGuid = {DABD6BEB-FAF4-409D-AF61-22C93A86E9D7}
	EndGlobalSection
EndGlobal
